
Microsoft Visual Studio Solution File, Format Version 12.00
# Visual Studio Version 16
VisualStudioVersion = 16.0.30907.101
MinimumVisualStudioVersion = 10.0.40219.1
Project("{FAE04EC0-301F-11D3-BF4B-00C04F79EFBC}") = "CarProject", "CarProject\CarProject.csproj", "{CE63405A-A506-42A3-A874-784B537A971E}"
EndProject
Global
	GlobalSection(SolutionConfigurationPlatforms) = preSolution
		Debug|Any CPU = Debug|Any CPU
		Release|Any CPU = Release|Any CPU
	EndGlobalSection
	GlobalSection(ProjectConfigurationPlatforms) = postSolution
		{CE63405A-A506-42A3-A874-784B537A971E}.Debug|Any CPU.ActiveCfg = Debug|Any CPU
		{CE63405A-A506-42A3-A874-784B537A971E}.Debug|Any CPU.Build.0 = Debug|Any CPU
		{CE63405A-A506-42A3-A874-784B537A971E}.Release|Any CPU.ActiveCfg = Release|Any CPU
		{CE63405A-A506-42A3-A874-784B537A971E}.Release|Any CPU.Build.0 = Release|Any CPU
	EndGlobalSection
	GlobalSection(SolutionProperties) = preSolution
		HideSolutionNode = FALSE
	EndGlobalSection
	GlobalSection(ExtensibilityGlobals) = postSolution
		SolutionGuid = {58D36B44-F037-49D1-94CF-9A1907E781B1}
	EndGlobalSection
EndGlobal
